// !$*UTF8*$!
{
	archiveVersion = 1;
	classes = {
	};
	objectVersion = 50;
	objects = {

/* Begin PBXBuildFile section */
		BA7B20562705DD5D009EF0DE /* printfscanf.c in Sources */ = {isa = PBXBuildFile; fileRef = BA7B20552705DD5D009EF0DE /* printfscanf.c */; };
		BA7B20582705E441009EF0DE /* loop.c in Sources */ = {isa = PBXBuildFile; fileRef = BA7B20572705E441009EF0DE /* loop.c */; };
		BA7B205A2705E7A9009EF0DE /* condition.c in Sources */ = {isa = PBXBuildFile; fileRef = BA7B20592705E7A9009EF0DE /* condition.c */; };
		BA7B205C2705EB51009EF0DE /* random.c in Sources */ = {isa = PBXBuildFile; fileRef = BA7B205B2705EB51009EF0DE /* random.c */; };
		BA7B20602705F2F5009EF0DE /* function_project.c in Sources */ = {isa = PBXBuildFile; fileRef = BA7B205F2705F2F5009EF0DE /* function_project.c */; };
		BA7B206227062E47009EF0DE /* array.c in Sources */ = {isa = PBXBuildFile; fileRef = BA7B206127062E47009EF0DE /* array.c */; };
		BA7B206427063356009EF0DE /* array_project.c in Sources */ = {isa = PBXBuildFile; fileRef = BA7B206327063356009EF0DE /* array_project.c */; };
		BA7B20662706386E009EF0DE /* pointer.c in Sources */ = {isa = PBXBuildFile; fileRef = BA7B20652706386E009EF0DE /* pointer.c */; };
		BA7B20682706D4B4009EF0DE /* pointer_project.c in Sources */ = {isa = PBXBuildFile; fileRef = BA7B20672706D4B4009EF0DE /* pointer_project.c */; };
/* End PBXBuildFile section */

/* Begin PBXCopyFilesBuildPhase section */
		BA7B20452705DC23009EF0DE /* CopyFiles */ = {
			isa = PBXCopyFilesBuildPhase;
			buildActionMask = 2147483647;
			dstPath = /usr/share/man/man1/;
			dstSubfolderSpec = 0;
			files = (
			);
			runOnlyForDeploymentPostprocessing = 1;
		};
/* End PBXCopyFilesBuildPhase section */

/* Begin PBXFileReference section */
		BA7B20472705DC23009EF0DE /* MyProject */ = {isa = PBXFileReference; explicitFileType = "compiled.mach-o.executable"; includeInIndex = 0; path = MyProject; sourceTree = BUILT_PRODUCTS_DIR; };
		BA7B20552705DD5D009EF0DE /* printfscanf.c */ = {isa = PBXFileReference; lastKnownFileType = sourcecode.c.c; path = printfscanf.c; sourceTree = "<group>"; };
		BA7B20572705E441009EF0DE /* loop.c */ = {isa = PBXFileReference; lastKnownFileType = sourcecode.c.c; path = loop.c; sourceTree = "<group>"; };
		BA7B20592705E7A9009EF0DE /* condition.c */ = {isa = PBXFileReference; lastKnownFileType = sourcecode.c.c; path = condition.c; sourceTree = "<group>"; };
		BA7B205B2705EB51009EF0DE /* random.c */ = {isa = PBXFileReference; lastKnownFileType = sourcecode.c.c; path = random.c; sourceTree = "<group>"; };
		BA7B205F2705F2F5009EF0DE /* function_project.c */ = {isa = PBXFileReference; lastKnownFileType = sourcecode.c.c; path = function_project.c; sourceTree = "<group>"; };
		BA7B206127062E47009EF0DE /* array.c */ = {isa = PBXFileReference; lastKnownFileType = sourcecode.c.c; path = array.c; sourceTree = "<group>"; };
		BA7B206327063356009EF0DE /* array_project.c */ = {isa = PBXFileReference; lastKnownFileType = sourcecode.c.c; path = array_project.c; sourceTree = "<group>"; };
		BA7B20652706386E009EF0DE /* pointer.c */ = {isa = PBXFileReference; lastKnownFileType = sourcecode.c.c; path = pointer.c; sourceTree = "<group>"; };
		BA7B20672706D4B4009EF0DE /* pointer_project.c */ = {isa = PBXFileReference; lastKnownFileType = sourcecode.c.c; path = pointer_project.c; sourceTree = "<group>"; };
/* End PBXFileReference section */

/* Begin PBXFrameworksBuildPhase section */
		BA7B20442705DC23009EF0DE /* Frameworks */ = {
			isa = PBXFrameworksBuildPhase;
			buildActionMask = 2147483647;
			files = (
			);
			runOnlyForDeploymentPostprocessing = 0;
		};
/* End PBXFrameworksBuildPhase section */

/* Begin PBXGroup section */
		BA7B203E2705DC22009EF0DE = {
			isa = PBXGroup;
			children = (
				BA7B20492705DC23009EF0DE /* MyProject */,
				BA7B20482705DC23009EF0DE /* Products */,
			);
			sourceTree = "<group>";
		};
		BA7B20482705DC23009EF0DE /* Products */ = {
			isa = PBXGroup;
			children = (
				BA7B20472705DC23009EF0DE /* MyProject */,
			);
			name = Products;
			sourceTree = "<group>";
		};
		BA7B20492705DC23009EF0DE /* MyProject */ = {
			isa = PBXGroup;
			children = (
				BA7B20552705DD5D009EF0DE /* printfscanf.c */,
				BA7B20572705E441009EF0DE /* loop.c */,
				BA7B20592705E7A9009EF0DE /* condition.c */,
				BA7B205B2705EB51009EF0DE /* random.c */,
				BA7B205F2705F2F5009EF0DE /* function_project.c */,
				BA7B206127062E47009EF0DE /* array.c */,
				BA7B206327063356009EF0DE /* array_project.c */,
				BA7B20652706386E009EF0DE /* pointer.c */,
				BA7B20672706D4B4009EF0DE /* pointer_project.c */,
			);
			path = MyProject;
			sourceTree = "<group>";
		};
/* End PBXGroup section */

/* Begin PBXNativeTarget section */
		BA7B20462705DC23009EF0DE /* MyProject */ = {
			isa = PBXNativeTarget;
			buildConfigurationList = BA7B204E2705DC23009EF0DE /* Build configuration list for PBXNativeTarget "MyProject" */;
			buildPhases = (
				BA7B20432705DC23009EF0DE /* Sources */,
				BA7B20442705DC23009EF0DE /* Frameworks */,
				BA7B20452705DC23009EF0DE /* CopyFiles */,
			);
			buildRules = (
			);
			dependencies = (
			);
			name = MyProject;
			productName = MyProject;
			productReference = BA7B20472705DC23009EF0DE /* MyProject */;
			productType = "com.apple.product-type.tool";
		};
/* End PBXNativeTarget section */

/* Begin PBXProject section */
		BA7B203F2705DC22009EF0DE /* Project object */ = {
			isa = PBXProject;
			attributes = {
				LastUpgradeCheck = 1250;
				TargetAttributes = {
					BA7B20462705DC23009EF0DE = {
						CreatedOnToolsVersion = 12.5;
					};
				};
			};
			buildConfigurationList = BA7B20422705DC22009EF0DE /* Build configuration list for PBXProject "MyProject" */;
			compatibilityVersion = "Xcode 9.3";
			developmentRegion = en;
			hasScannedForEncodings = 0;
			knownRegions = (
				en,
				Base,
			);
			mainGroup = BA7B203E2705DC22009EF0DE;
			productRefGroup = BA7B20482705DC23009EF0DE /* Products */;
			projectDirPath = "";
			projectRoot = "";
			targets = (
				BA7B20462705DC23009EF0DE /* MyProject */,
			);
		};
/* End PBXProject section */

/* Begin PBXSourcesBuildPhase section */
		BA7B20432705DC23009EF0DE /* Sources */ = {
			isa = PBXSourcesBuildPhase;
			buildActionMask = 2147483647;
			files = (
				BA7B20562705DD5D009EF0DE /* printfscanf.c in Sources */,
				BA7B20582705E441009EF0DE /* loop.c in Sources */,
				BA7B20602705F2F5009EF0DE /* function_project.c in Sources */,
				BA7B20662706386E009EF0DE /* pointer.c in Sources */,
				BA7B206227062E47009EF0DE /* array.c in Sources */,
				BA7B205C2705EB51009EF0DE /* random.c in Sources */,
				BA7B20682706D4B4009EF0DE /* pointer_project.c in Sources */,
				BA7B206427063356009EF0DE /* array_project.c in Sources */,
				BA7B205A2705E7A9009EF0DE /* condition.c in Sources */,
			);
			runOnlyForDeploymentPostprocessing = 0;
		};
/* End PBXSourcesBuildPhase section */

/* Begin XCBuildConfiguration section */
		BA7B204C2705DC23009EF0DE /* Debug */ = {
			isa = XCBuildConfiguration;
			buildSettings = {
				ALWAYS_SEARCH_USER_PATHS = NO;
				CLANG_ANALYZER_NONNULL = YES;
				CLANG_ANALYZER_NUMBER_OBJECT_CONVERSION = YES_AGGRESSIVE;
				CLANG_CXX_LANGUAGE_STANDARD = "gnu++14";
				CLANG_CXX_LIBRARY = "libc++";
				CLANG_ENABLE_MODULES = YES;
				CLANG_ENABLE_OBJC_ARC = YES;
				CLANG_ENABLE_OBJC_WEAK = YES;
				CLANG_WARN_BLOCK_CAPTURE_AUTORELEASING = YES;
				CLANG_WARN_BOOL_CONVERSION = YES;
				CLANG_WARN_COMMA = YES;
				CLANG_WARN_CONSTANT_CONVERSION = YES;
				CLANG_WARN_DEPRECATED_OBJC_IMPLEMENTATIONS = YES;
				CLANG_WARN_DIRECT_OBJC_ISA_USAGE = YES_ERROR;
				CLANG_WARN_DOCUMENTATION_COMMENTS = YES;
				CLANG_WARN_EMPTY_BODY = YES;
				CLANG_WARN_ENUM_CONVERSION = YES;
				CLANG_WARN_INFINITE_RECURSION = YES;
				CLANG_WARN_INT_CONVERSION = YES;
				CLANG_WARN_NON_LITERAL_NULL_CONVERSION = YES;
				CLANG_WARN_OBJC_IMPLICIT_RETAIN_SELF = YES;
				CLANG_WARN_OBJC_LITERAL_CONVERSION = YES;
				CLANG_WARN_OBJC_ROOT_CLASS = YES_ERROR;
				CLANG_WARN_QUOTED_INCLUDE_IN_FRAMEWORK_HEADER = YES;
				CLANG_WARN_RANGE_LOOP_ANALYSIS = YES;
				CLANG_WARN_STRICT_PROTOTYPES = YES;
				CLANG_WARN_SUSPICIOUS_MOVE = YES;
				CLANG_WARN_UNGUARDED_AVAILABILITY = YES_AGGRESSIVE;
				CLANG_WARN_UNREACHABLE_CODE = YES;
				CLANG_WARN__DUPLICATE_METHOD_MATCH = YES;
				COPY_PHASE_STRIP = NO;
				DEBUG_INFORMATION_FORMAT = dwarf;
				ENABLE_STRICT_OBJC_MSGSEND = YES;
				ENABLE_TESTABILITY = YES;
				GCC_C_LANGUAGE_STANDARD = gnu11;
				GCC_DYNAMIC_NO_PIC = NO;
				GCC_NO_COMMON_BLOCKS = YES;
				GCC_OPTIMIZATION_LEVEL = 0;
				GCC_PREPROCESSOR_DEFINITIONS = (
					"DEBUG=1",
					"$(inherited)",
				);
				GCC_WARN_64_TO_32_BIT_CONVERSION = YES;
				GCC_WARN_ABOUT_RETURN_TYPE = YES_ERROR;
				GCC_WARN_UNDECLARED_SELECTOR = YES;
				GCC_WARN_UNINITIALIZED_AUTOS = YES_AGGRESSIVE;
				GCC_WARN_UNUSED_FUNCTION = YES;
				GCC_WARN_UNUSED_VARIABLE = YES;
				MACOSX_DEPLOYMENT_TARGET = 11.2;
				MTL_ENABLE_DEBUG_INFO = INCLUDE_SOURCE;
				MTL_FAST_MATH = YES;
				ONLY_ACTIVE_ARCH = YES;
				SDKROOT = macosx;
			};
			name = Debug;
		};
		BA7B204D2705DC23009EF0DE /* Release */ = {
			isa = XCBuildConfiguration;
			buildSettings = {
				ALWAYS_SEARCH_USER_PATHS = NO;
				CLANG_ANALYZER_NONNULL = YES;
				CLANG_ANALYZER_NUMBER_OBJECT_CONVERSION = YES_AGGRESSIVE;
				CLANG_CXX_LANGUAGE_STANDARD = "gnu++14";
				CLANG_CXX_LIBRARY = "libc++";
				CLANG_ENABLE_MODULES = YES;
				CLANG_ENABLE_OBJC_ARC = YES;
				CLANG_ENABLE_OBJC_WEAK = YES;
				CLANG_WARN_BLOCK_CAPTURE_AUTORELEASING = YES;
				CLANG_WARN_BOOL_CONVERSION = YES;
				CLANG_WARN_COMMA = YES;
				CLANG_WARN_CONSTANT_CONVERSION = YES;
				CLANG_WARN_DEPRECATED_OBJC_IMPLEMENTATIONS = YES;
				CLANG_WARN_DIRECT_OBJC_ISA_USAGE = YES_ERROR;
				CLANG_WARN_DOCUMENTATION_COMMENTS = YES;
				CLANG_WARN_EMPTY_BODY = YES;
				CLANG_WARN_ENUM_CONVERSION = YES;
				CLANG_WARN_INFINITE_RECURSION = YES;
				CLANG_WARN_INT_CONVERSION = YES;
				CLANG_WARN_NON_LITERAL_NULL_CONVERSION = YES;
				CLANG_WARN_OBJC_IMPLICIT_RETAIN_SELF = YES;
				CLANG_WARN_OBJC_LITERAL_CONVERSION = YES;
				CLANG_WARN_OBJC_ROOT_CLASS = YES_ERROR;
				CLANG_WARN_QUOTED_INCLUDE_IN_FRAMEWORK_HEADER = YES;
				CLANG_WARN_RANGE_LOOP_ANALYSIS = YES;
				CLANG_WARN_STRICT_PROTOTYPES = YES;
				CLANG_WARN_SUSPICIOUS_MOVE = YES;
				CLANG_WARN_UNGUARDED_AVAILABILITY = YES_AGGRESSIVE;
				CLANG_WARN_UNREACHABLE_CODE = YES;
				CLANG_WARN__DUPLICATE_METHOD_MATCH = YES;
				COPY_PHASE_STRIP = NO;
				DEBUG_INFORMATION_FORMAT = "dwarf-with-dsym";
				ENABLE_NS_ASSERTIONS = NO;
				ENABLE_STRICT_OBJC_MSGSEND = YES;
				GCC_C_LANGUAGE_STANDARD = gnu11;
				GCC_NO_COMMON_BLOCKS = YES;
				GCC_WARN_64_TO_32_BIT_CONVERSION = YES;
				GCC_WARN_ABOUT_RETURN_TYPE = YES_ERROR;
				GCC_WARN_UNDECLARED_SELECTOR = YES;
				GCC_WARN_UNINITIALIZED_AUTOS = YES_AGGRESSIVE;
				GCC_WARN_UNUSED_FUNCTION = YES;
				GCC_WARN_UNUSED_VARIABLE = YES;
				MACOSX_DEPLOYMENT_TARGET = 11.2;
				MTL_ENABLE_DEBUG_INFO = NO;
				MTL_FAST_MATH = YES;
				SDKROOT = macosx;
			};
			name = Release;
		};
		BA7B204F2705DC23009EF0DE /* Debug */ = {
			isa = XCBuildConfiguration;
			buildSettings = {
				CODE_SIGN_STYLE = Automatic;
				DEVELOPMENT_TEAM = 7STK9RT8DD;
				ENABLE_HARDENED_RUNTIME = YES;
				PRODUCT_NAME = "$(TARGET_NAME)";
			};
			name = Debug;
		};
		BA7B20502705DC23009EF0DE /* Release */ = {
			isa = XCBuildConfiguration;
			buildSettings = {
				CODE_SIGN_STYLE = Automatic;
				DEVELOPMENT_TEAM = 7STK9RT8DD;
				ENABLE_HARDENED_RUNTIME = YES;
				PRODUCT_NAME = "$(TARGET_NAME)";
			};
			name = Release;
		};
/* End XCBuildConfiguration section */

/* Begin XCConfigurationList section */
		BA7B20422705DC22009EF0DE /* Build configuration list for PBXProject "MyProject" */ = {
			isa = XCConfigurationList;
			buildConfigurations = (
				BA7B204C2705DC23009EF0DE /* Debug */,
				BA7B204D2705DC23009EF0DE /* Release */,
			);
			defaultConfigurationIsVisible = 0;
			defaultConfigurationName = Release;
		};
		BA7B204E2705DC23009EF0DE /* Build configuration list for PBXNativeTarget "MyProject" */ = {
			isa = XCConfigurationList;
			buildConfigurations = (
				BA7B204F2705DC23009EF0DE /* Debug */,
				BA7B20502705DC23009EF0DE /* Release */,
			);
			defaultConfigurationIsVisible = 0;
			defaultConfigurationName = Release;
		};
/* End XCConfigurationList section */
	};
	rootObject = BA7B203F2705DC22009EF0DE /* Project object */;
}
